
Microsoft Visual Studio Solution File, Format Version 11.00
# Visual Studio 2010
Project("{FAE04EC0-301F-11D3-BF4B-00C04F79EFBC}") = "BuildContent", "BuildContent\BuildContent.csproj", "{95B09EAB-7C4F-409C-B099-328C0DA3AF80}"
EndProject
Project("{FAE04EC0-301F-11D3-BF4B-00C04F79EFBC}") = "ToolBelt.MacOS", "ToolBelt\ToolBelt\ToolBelt.MacOS.csproj", "{2055D34D-3DF2-444B-937B-32CC1A6E11DF}"
EndProject
Project("{2857B73E-F847-4B02-9238-064979017E93}") = "Squish2.MacOS", "Squish2\Squish2\Squish2.MacOS.cproj", "{B9EDFED1-366E-4B0B-9C8A-32AE76B7F402}"
EndProject
Project("{2150E333-8FDC-42A3-9474-1A3956D46DE8}") = "Test", "Test", "{6BE02424-B483-44A3-8C1A-9819FC704D0B}"
EndProject
Project("{2150E333-8FDC-42A3-9474-1A3956D46DE8}") = "RawContent", "RawContent", "{FEB7E5A8-73FC-4112-AFBD-D72CD03060B4}"
	ProjectSection(SolutionItems) = preProject
		Test\RawContent\TestContent.content = Test\RawContent\TestContent.content
		Test\RawContent\TestSpriteFont.content = Test\RawContent\TestSpriteFont.content
		Test\RawContent\Example.pdf = Test\RawContent\Example.pdf
		Test\RawContent\Example.pinboard = Test\RawContent\Example.pinboard
		Test\RawContent\Example.png = Test\RawContent\Example.png
		Test\RawContent\Example.resx = Test\RawContent\Example.resx
		Test\RawContent\Example.spritefont = Test\RawContent\Example.spritefont
		Test\RawContent\Example.strings = Test\RawContent\Example.strings
		Test\RawContent\Example.svg = Test\RawContent\Example.svg
		Test\RawContent\Example.wav = Test\RawContent\Example.wav
		Test\RawContent\WeeBairn-Regular.ttf = Test\RawContent\WeeBairn-Regular.ttf
	EndProjectSection
EndProject
Project("{2150E333-8FDC-42A3-9474-1A3956D46DE8}") = "Solution Items", "Solution Items", "{E1FA1B02-BCCA-4265-8B68-7246E5F3FEAA}"
	ProjectSection(SolutionItems) = preProject
		LICENSE = LICENSE
		XnaBuildContent.version = XnaBuildContent.version
	EndProjectSection
EndProject
Project("{FAE04EC0-301F-11D3-BF4B-00C04F79EFBC}") = "XnaBuildContent.Framework.MacOS", "XnaBuildContent\Framework\XnaBuildContent.Framework.MacOS.csproj", "{6DC4FE71-7E81-4BC7-B9DD-DD6A271682CA}"
EndProject
Project("{FAE04EC0-301F-11D3-BF4B-00C04F79EFBC}") = "XnaBuildContent.Compilers.MacOS", "XnaBuildContent\Compilers\XnaBuildContent.Compilers.MacOS.csproj", "{A1A3DD3F-2A9E-4753-B9A2-D53CD939F68E}"
EndProject
Global
	GlobalSection(SolutionConfigurationPlatforms) = preSolution
		Debug|x86 = Debug|x86
		Release|x86 = Release|x86
	EndGlobalSection
	GlobalSection(ProjectConfigurationPlatforms) = postSolution
		{2055D34D-3DF2-444B-937B-32CC1A6E11DF}.Debug|x86.ActiveCfg = Debug|x86
		{2055D34D-3DF2-444B-937B-32CC1A6E11DF}.Debug|x86.Build.0 = Debug|x86
		{2055D34D-3DF2-444B-937B-32CC1A6E11DF}.Release|x86.ActiveCfg = Release|x86
		{2055D34D-3DF2-444B-937B-32CC1A6E11DF}.Release|x86.Build.0 = Release|x86
		{6DC4FE71-7E81-4BC7-B9DD-DD6A271682CA}.Debug|x86.ActiveCfg = Debug|x86
		{6DC4FE71-7E81-4BC7-B9DD-DD6A271682CA}.Debug|x86.Build.0 = Debug|x86
		{6DC4FE71-7E81-4BC7-B9DD-DD6A271682CA}.Release|x86.ActiveCfg = Release|x86
		{6DC4FE71-7E81-4BC7-B9DD-DD6A271682CA}.Release|x86.Build.0 = Release|x86
		{95B09EAB-7C4F-409C-B099-328C0DA3AF80}.Debug|x86.ActiveCfg = Debug|x86
		{95B09EAB-7C4F-409C-B099-328C0DA3AF80}.Debug|x86.Build.0 = Debug|x86
		{95B09EAB-7C4F-409C-B099-328C0DA3AF80}.Release|x86.ActiveCfg = Release|x86
		{95B09EAB-7C4F-409C-B099-328C0DA3AF80}.Release|x86.Build.0 = Release|x86
		{A1A3DD3F-2A9E-4753-B9A2-D53CD939F68E}.Debug|x86.ActiveCfg = Debug|Any CPU
		{A1A3DD3F-2A9E-4753-B9A2-D53CD939F68E}.Debug|x86.Build.0 = Debug|Any CPU
		{A1A3DD3F-2A9E-4753-B9A2-D53CD939F68E}.Release|x86.ActiveCfg = Release|Any CPU
		{A1A3DD3F-2A9E-4753-B9A2-D53CD939F68E}.Release|x86.Build.0 = Release|Any CPU
		{B9EDFED1-366E-4B0B-9C8A-32AE76B7F402}.Debug|x86.ActiveCfg = Debug|x86
		{B9EDFED1-366E-4B0B-9C8A-32AE76B7F402}.Debug|x86.Build.0 = Debug|x86
		{B9EDFED1-366E-4B0B-9C8A-32AE76B7F402}.Release|x86.ActiveCfg = Release|x86
		{B9EDFED1-366E-4B0B-9C8A-32AE76B7F402}.Release|x86.Build.0 = Release|x86
	EndGlobalSection
	GlobalSection(NestedProjects) = preSolution
		{FEB7E5A8-73FC-4112-AFBD-D72CD03060B4} = {6BE02424-B483-44A3-8C1A-9819FC704D0B}
	EndGlobalSection
	GlobalSection(MonoDevelopProperties) = preSolution
		StartupItem = BuildContent\BuildContent.csproj
		Policies = $0
		$0.DotNetNamingPolicy = $1
		$1.DirectoryNamespaceAssociation = None
		$1.ResourceNamePolicy = FileFormatDefault
		$0.TextStylePolicy = $2
		$2.EolMarker = Unix
		$2.inheritsSet = VisualStudio
		$2.inheritsScope = text/plain
		$2.scope = text/plain
		$0.TextStylePolicy = $3
		$3.EolMarker = Unix
		$3.inheritsSet = VisualStudio
		$3.inheritsScope = text/plain
		$3.scope = text/x-csharp
		$0.CSharpFormattingPolicy = $4
		$4.IndentSwitchBody = True
		$4.AnonymousMethodBraceStyle = NextLine
		$4.PropertyBraceStyle = NextLine
		$4.PropertyGetBraceStyle = NextLine
		$4.PropertySetBraceStyle = NextLine
		$4.EventBraceStyle = NextLine
		$4.EventAddBraceStyle = NextLine
		$4.EventRemoveBraceStyle = NextLine
		$4.StatementBraceStyle = NextLine
		$4.ElseNewLinePlacement = NewLine
		$4.ElseIfNewLinePlacement = SameLine
		$4.CatchNewLinePlacement = NewLine
		$4.FinallyNewLinePlacement = NewLine
		$4.WhileNewLinePlacement = NewLine
		$4.ArrayInitializerBraceStyle = NextLine
		$4.BeforeMethodDeclarationParentheses = False
		$4.BeforeMethodCallParentheses = False
		$4.BeforeConstructorDeclarationParentheses = False
		$4.BeforeDelegateDeclarationParentheses = False
		$4.NewParentheses = False
		$4.inheritsSet = Mono
		$4.inheritsScope = text/x-csharp
		$4.scope = text/x-csharp
		$0.TextStylePolicy = $5
		$5.inheritsSet = null
		$5.scope = application/config+xml
		$0.XmlFormattingPolicy = $6
		$6.inheritsSet = null
		$6.scope = application/config+xml
		$0.TextStylePolicy = $7
		$7.inheritsSet = null
		$7.scope = application/xml
		$0.XmlFormattingPolicy = $8
		$8.inheritsSet = Mono
		$8.inheritsScope = application/xml
		$8.scope = application/xml
		version = 1.0
	EndGlobalSection
EndGlobal
